{
  "name": "ci-npm-update",
  "version": "1.0.9",
  "lockfileVersion": 1,
  "dependencies": {
    "@types/empower": {
      "version": "0.0.29",
      "dev": true
    },
    "@types/mocha": {
      "version": "2.2.41",
      "dev": true
    },
    "@types/node": {
      "version": "6.0.73"
    },
    "@types/power-assert": {
      "version": "0.0.27",
      "dev": true
    },
    "@types/power-assert-formatter": {
      "version": "0.0.27",
      "dev": true
    },
    "acorn": {
      "version": "4.0.11",
      "dev": true
    },
    "acorn-es7-plugin": {
      "version": "1.1.7",
      "dev": true
    },
    "ajv": {
      "version": "4.11.8"
    },
    "ansi-regex": {
      "version": "2.1.1",
      "dev": true
    },
    "ansi-styles": {
      "version": "2.2.1",
      "dev": true
    },
    "any-promise": {
      "version": "1.3.0",
      "dev": true
    },
    "array-filter": {
      "version": "1.0.0",
      "dev": true
    },
    "arrify": {
      "version": "1.0.1",
      "dev": true
    },
    "asn1": {
      "version": "0.2.3"
    },
    "assert-plus": {
      "version": "1.0.0"
    },
    "asynckit": {
      "version": "0.4.0"
    },
    "aws-sign2": {
      "version": "0.6.0"
    },
    "aws4": {
      "version": "1.6.0"
    },
    "balanced-match": {
      "version": "0.4.2",
      "dev": true
    },
    "bcrypt-pbkdf": {
      "version": "1.0.1",
      "optional": true
    },
    "boom": {
      "version": "2.10.1"
    },
    "brace-expansion": {
      "version": "1.1.7",
      "dev": true
    },
    "call-signature": {
      "version": "0.0.2",
      "dev": true
    },
    "caseless": {
      "version": "0.12.0"
    },
    "chalk": {
      "version": "1.1.3",
      "dev": true,
      "dependencies": {
        "supports-color": {
          "version": "2.0.0",
          "dev": true
        }
      }
    },
    "co": {
      "version": "4.6.0"
    },
    "colors": {
      "version": "1.1.2",
      "dev": true
    },
    "combined-stream": {
      "version": "1.0.5"
    },
    "commander": {
      "version": "2.3.0",
      "dev": true
    },
    "concat-map": {
      "version": "0.0.1",
      "dev": true
    },
    "core-js": {
      "version": "2.4.1",
      "dev": true
    },
    "cryptiles": {
      "version": "2.0.5"
    },
    "dashdash": {
      "version": "1.14.1"
    },
    "debug": {
      "version": "2.2.0",
      "dev": true
    },
    "define-properties": {
      "version": "1.1.2",
      "dev": true
    },
    "delayed-stream": {
      "version": "1.0.0"
    },
    "diff": {
      "version": "1.4.0",
      "dev": true
    },
    "diff-match-patch": {
      "version": "1.0.0",
      "dev": true
    },
    "eastasianwidth": {
      "version": "0.1.1",
      "dev": true
    },
    "ecc-jsbn": {
      "version": "0.1.1",
      "optional": true
    },
    "empower": {
      "version": "1.2.1",
      "dev": true
    },
    "empower-core": {
      "version": "0.6.1",
      "dev": true
    },
    "error-ex": {
      "version": "1.3.1",
      "dev": true
    },
    "escape-string-regexp": {
      "version": "1.0.2",
      "dev": true
    },
    "espurify": {
      "version": "1.7.0",
      "dev": true
    },
    "estraverse": {
      "version": "4.2.0",
      "dev": true
    },
    "extend": {
      "version": "3.0.1"
    },
    "extsprintf": {
      "version": "1.0.2"
    },
    "findup-sync": {
      "version": "0.3.0",
      "dev": true,
      "dependencies": {
        "glob": {
          "version": "5.0.15",
          "dev": true
        }
      }
    },
    "foreach": {
      "version": "2.0.5",
      "dev": true
    },
    "forever-agent": {
      "version": "0.6.1"
    },
    "form-data": {
      "version": "2.1.4"
    },
    "fs.realpath": {
      "version": "1.0.0",
      "dev": true
    },
    "getpass": {
      "version": "0.1.7"
    },
    "glob": {
      "version": "3.2.11",
      "dev": true,
      "dependencies": {
        "minimatch": {
          "version": "0.3.0",
          "dev": true
        }
      }
    },
    "growl": {
      "version": "1.9.2",
      "dev": true
    },
    "har-schema": {
      "version": "1.0.5"
    },
    "har-validator": {
      "version": "4.2.1"
    },
    "has-ansi": {
      "version": "2.0.0",
      "dev": true
    },
    "hawk": {
      "version": "3.1.3"
    },
    "hoek": {
      "version": "2.16.3"
    },
    "http-signature": {
      "version": "1.1.1",
      "dependencies": {
        "assert-plus": {
          "version": "0.2.0"
        }
      }
    },
    "indexof": {
      "version": "0.0.1",
      "dev": true
    },
    "inflight": {
      "version": "1.0.6",
      "dev": true
    },
    "inherits": {
      "version": "2.0.3",
      "dev": true
    },
    "is-arrayish": {
      "version": "0.2.1",
      "dev": true
    },
    "is-typedarray": {
      "version": "1.0.0"
    },
    "is-utf8": {
      "version": "0.2.1",
      "dev": true
    },
    "isstream": {
      "version": "0.1.2"
    },
    "jade": {
      "version": "0.26.3",
      "dev": true,
      "dependencies": {
        "commander": {
          "version": "0.6.1",
          "dev": true
        },
        "mkdirp": {
          "version": "0.3.0",
          "dev": true
        }
      }
    },
    "jodid25519": {
      "version": "1.0.2",
      "optional": true
    },
    "jsbn": {
      "version": "0.1.1",
      "optional": true
    },
    "json-schema": {
      "version": "0.2.3"
    },
    "json-stable-stringify": {
      "version": "1.0.1"
    },
    "json-stringify-safe": {
      "version": "5.0.1"
    },
    "jsonify": {
      "version": "0.0.0"
    },
    "jsprim": {
      "version": "1.4.0"
    },
    "lru-cache": {
      "version": "2.7.3",
      "dev": true
    },
    "make-error": {
      "version": "1.2.3",
      "dev": true
    },
    "mime-db": {
      "version": "1.27.0"
    },
    "mime-types": {
      "version": "2.1.15"
    },
    "minimatch": {
      "version": "3.0.3",
      "dev": true
    },
    "minimist": {
      "version": "0.0.8",
      "dev": true
    },
    "mkdirp": {
      "version": "0.5.1",
      "dev": true
    },
    "mocha": {
      "version": "2.5.3",
      "dev": true
    },
    "moment": {
      "version": "2.18.1"
    },
    "ms": {
      "version": "0.7.1",
      "dev": true
    },
    "oauth-sign": {
      "version": "0.8.2"
    },
    "object-keys": {
      "version": "1.0.11",
      "dev": true
    },
    "once": {
      "version": "1.4.0",
      "dev": true
    },
    "optimist": {
      "version": "0.6.1",
      "dev": true
    },
    "parse-json": {
      "version": "2.2.0",
      "dev": true
    },
    "path-is-absolute": {
      "version": "1.0.1",
      "dev": true
    },
    "path-parse": {
      "version": "1.0.5",
      "dev": true
    },
    "performance-now": {
      "version": "0.2.0"
    },
    "pinkie": {
      "version": "2.0.4",
      "dev": true
    },
    "power-assert": {
      "version": "1.4.2",
      "dev": true
    },
    "power-assert-context-formatter": {
      "version": "1.1.1",
      "dev": true
    },
    "power-assert-context-reducer-ast": {
      "version": "1.1.2",
      "dev": true
    },
    "power-assert-context-traversal": {
      "version": "1.1.1",
      "dev": true
    },
    "power-assert-formatter": {
      "version": "1.4.1",
      "dev": true
    },
    "power-assert-renderer-assertion": {
      "version": "1.1.1",
      "dev": true
    },
    "power-assert-renderer-base": {
      "version": "1.1.1",
      "dev": true
    },
    "power-assert-renderer-comparison": {
      "version": "1.1.1",
      "dev": true
    },
    "power-assert-renderer-diagram": {
      "version": "1.1.2",
      "dev": true
    },
    "power-assert-renderer-file": {
      "version": "1.1.1",
      "dev": true
    },
    "power-assert-util-string-width": {
      "version": "1.1.1",
      "dev": true
    },
    "punycode": {
      "version": "1.4.1"
    },
    "qs": {
      "version": "6.4.0"
    },
    "request": {
      "version": "2.81.0"
    },
    "resolve": {
      "version": "1.3.3",
      "dev": true
    },
    "safe-buffer": {
      "version": "5.0.1"
    },
    "sigmund": {
      "version": "1.0.1",
      "dev": true
    },
    "sntp": {
      "version": "1.0.9"
    },
    "source-map": {
      "version": "0.5.6",
      "dev": true
    },
    "source-map-support": {
      "version": "0.4.15",
      "dev": true
    },
    "sprintf-js": {
      "version": "1.0.3",
      "dev": true
    },
    "sshpk": {
      "version": "1.13.0"
    },
    "stringifier": {
      "version": "1.3.0",
      "dev": true
    },
    "stringstream": {
      "version": "0.0.5"
    },
    "strip-ansi": {
      "version": "3.0.1",
      "dev": true
    },
    "strip-bom": {
      "version": "2.0.0",
      "dev": true
    },
    "strip-json-comments": {
      "version": "2.0.1",
      "dev": true
    },
    "supports-color": {
      "version": "1.2.0",
      "dev": true
    },
    "to-iso-string": {
      "version": "0.0.2",
      "dev": true
    },
    "tough-cookie": {
      "version": "2.3.2"
    },
    "traverse": {
      "version": "0.6.6",
      "dev": true
    },
    "ts-node": {
      "version": "1.7.3",
      "dev": true,
      "dependencies": {
        "diff": {
          "version": "3.2.0",
          "dev": true
        },
        "minimist": {
          "version": "1.2.0",
          "dev": true
        }
      }
    },
    "tsconfig": {
      "version": "5.0.3",
      "dev": true
    },
    "tslint": {
      "version": "3.15.1",
      "dev": true,
      "dependencies": {
        "diff": {
          "version": "2.2.3",
          "dev": true
        },
        "glob": {
          "version": "7.1.1",
          "dev": true
        }
      }
    },
    "tunnel-agent": {
      "version": "0.6.0"
    },
    "tweetnacl": {
      "version": "0.14.5",
      "optional": true
    },
    "type-name": {
      "version": "2.0.2",
      "dev": true
    },
    "typescript": {
      "version": "2.3.2",
      "dev": true
    },
    "underscore.string": {
      "version": "3.3.4",
      "dev": true
    },
    "universal-deep-strict-equal": {
      "version": "1.2.2",
      "dev": true
    },
    "user-home": {
      "version": "1.1.1",
      "dev": true
    },
    "util-deprecate": {
      "version": "1.0.2",
      "dev": true
    },
    "uuid": {
      "version": "3.0.1"
    },
    "v8flags": {
      "version": "2.1.1",
      "dev": true
    },
    "verror": {
      "version": "1.3.6"
    },
    "wordwrap": {
      "version": "0.0.3",
      "dev": true
    },
    "wrappy": {
      "version": "1.0.2",
      "dev": true
    },
    "xtend": {
      "version": "4.0.1",
      "dev": true
    },
    "yn": {
      "version": "1.2.0",
      "dev": true
    }
  }
}
