{
    "name": "ci-npm-update",
    "version": "1.0.9",
    "lockfileVersion": 1,
    "dependencies": {
        "ts-node": {
            "version": "1.7.3",
            "resolved": "https://registry.npmjs.org/ts-node/-/ts-node-1.7.3.tgz",
            "integrity": "sha1-3uf4qEdRcy08Lkl8rFoC+xF9/uc=",
            "dev": true
        }
    }
}
